
Microsoft Visual Studio Solution File, Format Version 12.00
# Visual Studio Version 17
VisualStudioVersion = 17.11.35327.3
MinimumVisualStudioVersion = 10.0.40219.1
Project("{9A19103F-16F7-4668-BE54-9A1E7A4F7556}") = "CQRSTodoApp.API", "CQRSTodoApp.API\CQRSTodoApp.API.csproj", "{64E536BE-0191-43AE-89B0-91D87073195A}"
EndProject
Project("{2150E333-8FDC-42A3-9474-1A3956D46DE8}") = "Application", "Application", "{0B30C8CD-8041-4887-8FEB-25BFA738D7BF}"
EndProject
Project("{2150E333-8FDC-42A3-9474-1A3956D46DE8}") = "Domain", "Domain", "{4665C303-E098-49A7-B7AE-43623BF719AA}"
EndProject
Project("{2150E333-8FDC-42A3-9474-1A3956D46DE8}") = "Infrastructure", "Infrastructure", "{FD422E11-2EF7-4624-A4BA-6E606137676B}"
EndProject
Project("{2150E333-8FDC-42A3-9474-1A3956D46DE8}") = "UI", "UI", "{BF5B0D1D-F8D6-4563-81B3-426DB33C1FE1}"
EndProject
Project("{9A19103F-16F7-4668-BE54-9A1E7A4F7556}") = "CQRSTodoApp.Infrastructure", "CQRSTodoApp.Infrastructure\CQRSTodoApp.Infrastructure.csproj", "{59E606E2-45FA-4C78-A231-E45A112D99E4}"
EndProject
Project("{9A19103F-16F7-4668-BE54-9A1E7A4F7556}") = "CQRSTodoApp.Domain", "CQRSTodoApp.Domain\CQRSTodoApp.Domain.csproj", "{0E65A0D9-8C3F-4ED0-B8FB-46A657DDEA34}"
EndProject
Project("{9A19103F-16F7-4668-BE54-9A1E7A4F7556}") = "CQRSTodoApp.Application", "CQRSTodoApp.Application\CQRSTodoApp.Application.csproj", "{EBE47B3A-32AB-4968-9586-641748116707}"
EndProject
Global
	GlobalSection(SolutionConfigurationPlatforms) = preSolution
		Debug|Any CPU = Debug|Any CPU
		Release|Any CPU = Release|Any CPU
	EndGlobalSection
	GlobalSection(ProjectConfigurationPlatforms) = postSolution
		{64E536BE-0191-43AE-89B0-91D87073195A}.Debug|Any CPU.ActiveCfg = Debug|Any CPU
		{64E536BE-0191-43AE-89B0-91D87073195A}.Debug|Any CPU.Build.0 = Debug|Any CPU
		{64E536BE-0191-43AE-89B0-91D87073195A}.Release|Any CPU.ActiveCfg = Release|Any CPU
		{64E536BE-0191-43AE-89B0-91D87073195A}.Release|Any CPU.Build.0 = Release|Any CPU
		{59E606E2-45FA-4C78-A231-E45A112D99E4}.Debug|Any CPU.ActiveCfg = Debug|Any CPU
		{59E606E2-45FA-4C78-A231-E45A112D99E4}.Debug|Any CPU.Build.0 = Debug|Any CPU
		{59E606E2-45FA-4C78-A231-E45A112D99E4}.Release|Any CPU.ActiveCfg = Release|Any CPU
		{59E606E2-45FA-4C78-A231-E45A112D99E4}.Release|Any CPU.Build.0 = Release|Any CPU
		{0E65A0D9-8C3F-4ED0-B8FB-46A657DDEA34}.Debug|Any CPU.ActiveCfg = Debug|Any CPU
		{0E65A0D9-8C3F-4ED0-B8FB-46A657DDEA34}.Debug|Any CPU.Build.0 = Debug|Any CPU
		{0E65A0D9-8C3F-4ED0-B8FB-46A657DDEA34}.Release|Any CPU.ActiveCfg = Release|Any CPU
		{0E65A0D9-8C3F-4ED0-B8FB-46A657DDEA34}.Release|Any CPU.Build.0 = Release|Any CPU
		{EBE47B3A-32AB-4968-9586-641748116707}.Debug|Any CPU.ActiveCfg = Debug|Any CPU
		{EBE47B3A-32AB-4968-9586-641748116707}.Debug|Any CPU.Build.0 = Debug|Any CPU
		{EBE47B3A-32AB-4968-9586-641748116707}.Release|Any CPU.ActiveCfg = Release|Any CPU
		{EBE47B3A-32AB-4968-9586-641748116707}.Release|Any CPU.Build.0 = Release|Any CPU
	EndGlobalSection
	GlobalSection(SolutionProperties) = preSolution
		HideSolutionNode = FALSE
	EndGlobalSection
	GlobalSection(NestedProjects) = preSolution
		{64E536BE-0191-43AE-89B0-91D87073195A} = {BF5B0D1D-F8D6-4563-81B3-426DB33C1FE1}
		{59E606E2-45FA-4C78-A231-E45A112D99E4} = {FD422E11-2EF7-4624-A4BA-6E606137676B}
		{0E65A0D9-8C3F-4ED0-B8FB-46A657DDEA34} = {4665C303-E098-49A7-B7AE-43623BF719AA}
		{EBE47B3A-32AB-4968-9586-641748116707} = {0B30C8CD-8041-4887-8FEB-25BFA738D7BF}
	EndGlobalSection
	GlobalSection(ExtensibilityGlobals) = postSolution
		SolutionGuid = {D13ACEAA-4493-4203-8B27-28821982A8BC}
	EndGlobalSection
EndGlobal
